<?xml version="1.0" encoding="utf-8"?>
<Project ToolsVersion="4.0" xmlns="http://schemas.microsoft.com/developer/msbuild/2003">
  <ItemGroup>
    <Filter Include="Source Files">
      <UniqueIdentifier>{4FC737F1-C7A5-4376-A066-2A32D752A2FF}</UniqueIdentifier>
      <Extensions>cpp;c;cc;cxx;def;odl;idl;hpj;bat;asm;asmx</Extensions>
    </Filter>
    <Filter Include="Header Files">
      <UniqueIdentifier>{93995380-89BD-4b04-88EB-625FBE52EBFB}</UniqueIdentifier>
      <Extensions>h;hh;hpp;hxx;hm;inl;inc;ipp;xsd</Extensions>
    </Filter>
    <Filter Include="Resource Files">
      <UniqueIdentifier>{67DA6AB6-F800-4c08-8B7A-83BB121AAD01}</UniqueIdentifier>
      <Extensions>rc;ico;cur;bmp;dlg;rc2;rct;bin;rgs;gif;jpg;jpeg;jpe;resx;tiff;tif;png;wav;mfcribbon-ms</Extensions>
    </Filter>
    <Filter Include="Framework">
      <UniqueIdentifier>{4ebeee7a-54d9-4ad1-bcce-fe9f042f3b1c}</UniqueIdentifier>
    </Filter>
    <Filter Include="FreeImage">
      <UniqueIdentifier>{52c6b706-b2fb-42cc-8f0d-0fd1b9b1d083}</UniqueIdentifier>
    </Filter>
  </ItemGroup>
  <ItemGroup>
    <ClInclude Include="..\..\code\Config.h">
      <Filter>Framework</Filter>
    </ClInclude>
    <ClInclude Include="..\..\code\Setup.h">
      <Filter>Framework</Filter>
    </ClInclude>
    <ClInclude Include="..\..\code\audio\AL_Include.h">
      <Filter>Framework</Filter>
    </ClInclude>
    <ClInclude Include="..\..\code\audio\AL_LockedCalls.h">
      <Filter>Framework</Filter>
    </ClInclude>
    <ClInclude Include="..\..\code\audio\Listener.h">
      <Filter>Framework</Filter>
    </ClInclude>
    <ClInclude Include="..\..\code\audio\Player.h">
      <Filter>Framework</Filter>
    </ClInclude>
    <ClInclude Include="..\..\code\audio\SaveToFile.h">
      <Filter>Framework</Filter>
    </ClInclude>
    <ClInclude Include="..\..\code\audio\Source.h">
      <Filter>Framework</Filter>
    </ClInclude>
    <ClInclude Include="..\..\code\base\Debug.h">
      <Filter>Framework</Filter>
    </ClInclude>
    <ClInclude Include="..\..\code\base\DebugRouter.h">
      <Filter>Framework</Filter>
    </ClInclude>
    <ClInclude Include="..\..\code\base\File.h">
      <Filter>Framework</Filter>
    </ClInclude>
    <ClInclude Include="..\..\code\base\Info.h">
      <Filter>Framework</Filter>
    </ClInclude>
    <ClInclude Include="..\..\code\base\Locks.h">
      <Filter>Framework</Filter>
    </ClInclude>
    <ClInclude Include="..\..\code\base\Memory.h">
      <Filter>Framework</Filter>
    </ClInclude>
    <ClInclude Include="..\..\code\base\MiscStuff.h">
      <Filter>Framework</Filter>
    </ClInclude>
    <ClInclude Include="..\..\code\base\Profiler.h">
      <Filter>Framework</Filter>
    </ClInclude>
    <ClInclude Include="..\..\code\base\ReferenceCount.h">
      <Filter>Framework</Filter>
    </ClInclude>
    <ClInclude Include="..\..\code\base\Thread.h">
      <Filter>Framework</Filter>
    </ClInclude>
    <ClInclude Include="..\..\code\base\ThreadedTask.h">
      <Filter>Framework</Filter>
    </ClInclude>
    <ClInclude Include="..\..\code\base\Timer.h">
      <Filter>Framework</Filter>
    </ClInclude>
    <ClInclude Include="..\..\code\base\Types.h">
      <Filter>Framework</Filter>
    </ClInclude>
    <ClInclude Include="..\..\code\base\Vary.h">
      <Filter>Framework</Filter>
    </ClInclude>
    <ClInclude Include="..\..\code\geo\Geo.h">
      <Filter>Framework</Filter>
    </ClInclude>
    <ClInclude Include="..\..\code\geo\GeoBases.h">
      <Filter>Framework</Filter>
    </ClInclude>
    <ClInclude Include="..\..\code\geo\GeoInterpolators.h">
      <Filter>Framework</Filter>
    </ClInclude>
    <ClInclude Include="..\..\code\geo\GeoIntersect.h">
      <Filter>Framework</Filter>
    </ClInclude>
    <ClInclude Include="..\..\code\geo\GeoObjects.h">
      <Filter>Framework</Filter>
    </ClInclude>
    <ClInclude Include="..\..\code\gfx\Framebuffer.h">
      <Filter>Framework</Filter>
    </ClInclude>
    <ClInclude Include="..\..\code\gfx\Shader.h">
      <Filter>Framework</Filter>
    </ClInclude>
    <ClInclude Include="..\..\code\gfx\Texture.h">
      <Filter>Framework</Filter>
    </ClInclude>
    <ClInclude Include="..\..\code\gfx\TextWriter.h">
      <Filter>Framework</Filter>
    </ClInclude>
    <ClInclude Include="..\..\code\gfx\Vertex.h">
      <Filter>Framework</Filter>
    </ClInclude>
    <ClInclude Include="..\..\code\gfxsetup\Extensions.h">
      <Filter>Framework</Filter>
    </ClInclude>
    <ClInclude Include="..\..\code\gfxsetup\GFXSetup.h">
      <Filter>Framework</Filter>
    </ClInclude>
    <ClInclude Include="..\..\code\gfxsetup\GL.h">
      <Filter>Framework</Filter>
    </ClInclude>
    <ClInclude Include="..\..\code\input\GameDevice.h">
      <Filter>Framework</Filter>
    </ClInclude>
    <ClInclude Include="..\..\code\input\Keyboard.h">
      <Filter>Framework</Filter>
    </ClInclude>
    <ClInclude Include="..\..\code\input\Mouse.h">
      <Filter>Framework</Filter>
    </ClInclude>
    <ClInclude Include="..\..\code\input\Unified.h">
      <Filter>Framework</Filter>
    </ClInclude>
    <ClInclude Include="..\..\code\net\Common.h">
      <Filter>Framework</Filter>
    </ClInclude>
    <ClInclude Include="..\..\code\net\PlatformSockets.h">
      <Filter>Framework</Filter>
    </ClInclude>
    <ClInclude Include="..\..\code\net\TCP.h">
      <Filter>Framework</Filter>
    </ClInclude>
    <ClInclude Include="..\..\code\net\UDP.h">
      <Filter>Framework</Filter>
    </ClInclude>
    <ClInclude Include="..\..\code\net\UPNP.h">
      <Filter>Framework</Filter>
    </ClInclude>
    <ClInclude Include="..\..\code\FreeImage3180\FreeImage\Source\FreeImage.h">
      <Filter>FreeImage</Filter>
    </ClInclude>
    <ClInclude Include="main.h">
      <Filter>Header Files</Filter>
    </ClInclude>
    <ClInclude Include="..\..\code\base\win32\alt_windows.h">
      <Filter>Framework</Filter>
    </ClInclude>
    <ClInclude Include="..\..\code\base\win32\evil_windows.h">
      <Filter>Framework</Filter>
    </ClInclude>
    <ClInclude Include="..\..\code\base\win32\LocksWin32.h">
      <Filter>Framework</Filter>
    </ClInclude>
    <ClInclude Include="..\..\code\input\win32\WrapDInput.h">
      <Filter>Framework</Filter>
    </ClInclude>
  </ItemGroup>
  <ItemGroup>
    <ClCompile Include="..\..\code\Setup.cpp">
      <Filter>Framework</Filter>
    </ClCompile>
    <ClCompile Include="..\..\code\audio\AudioSetup.cpp">
      <Filter>Framework</Filter>
    </ClCompile>
    <ClCompile Include="..\..\code\audio\Listener.cpp">
      <Filter>Framework</Filter>
    </ClCompile>
    <ClCompile Include="..\..\code\audio\Player.cpp">
      <Filter>Framework</Filter>
    </ClCompile>
    <ClCompile Include="..\..\code\audio\SaveToFile.cpp">
      <Filter>Framework</Filter>
    </ClCompile>
    <ClCompile Include="..\..\code\audio\Source.cpp">
      <Filter>Framework</Filter>
    </ClCompile>
    <ClCompile Include="..\..\code\base\DebugRouter.cpp">
      <Filter>Framework</Filter>
    </ClCompile>
    <ClCompile Include="..\..\code\base\File.cpp">
      <Filter>Framework</Filter>
    </ClCompile>
    <ClCompile Include="..\..\code\base\Info.cpp">
      <Filter>Framework</Filter>
    </ClCompile>
    <ClCompile Include="..\..\code\base\Locks.cpp">
      <Filter>Framework</Filter>
    </ClCompile>
    <ClCompile Include="..\..\code\base\Memory.cpp">
      <Filter>Framework</Filter>
    </ClCompile>
    <ClCompile Include="..\..\code\base\MiscStuff.cpp">
      <Filter>Framework</Filter>
    </ClCompile>
    <ClCompile Include="..\..\code\base\Profiler.cpp">
      <Filter>Framework</Filter>
    </ClCompile>
    <ClCompile Include="..\..\code\base\ReferenceCount.cpp">
      <Filter>Framework</Filter>
    </ClCompile>
    <ClCompile Include="..\..\code\base\Thread.cpp">
      <Filter>Framework</Filter>
    </ClCompile>
    <ClCompile Include="..\..\code\base\ThreadedTask.cpp">
      <Filter>Framework</Filter>
    </ClCompile>
    <ClCompile Include="..\..\code\base\Vary.cpp">
      <Filter>Framework</Filter>
    </ClCompile>
    <ClCompile Include="..\..\code\geo\Geo.cpp">
      <Filter>Framework</Filter>
    </ClCompile>
    <ClCompile Include="..\..\code\geo\GeoIntersect.cpp">
      <Filter>Framework</Filter>
    </ClCompile>
    <ClCompile Include="..\..\code\gfx\Framebuffer.cpp">
      <Filter>Framework</Filter>
    </ClCompile>
    <ClCompile Include="..\..\code\gfx\Shader.cpp">
      <Filter>Framework</Filter>
    </ClCompile>
    <ClCompile Include="..\..\code\gfx\Texture.cpp">
      <Filter>Framework</Filter>
    </ClCompile>
    <ClCompile Include="..\..\code\gfx\TextWriter.cpp">
      <Filter>Framework</Filter>
    </ClCompile>
    <ClCompile Include="..\..\code\gfx\Vertex.cpp">
      <Filter>Framework</Filter>
    </ClCompile>
    <ClCompile Include="..\..\code\gfxsetup\Extensions.cpp">
      <Filter>Framework</Filter>
    </ClCompile>
    <ClCompile Include="..\..\code\gfxsetup\GL.cpp">
      <Filter>Framework</Filter>
    </ClCompile>
    <ClCompile Include="..\..\code\input\GameDevice.cpp">
      <Filter>Framework</Filter>
    </ClCompile>
    <ClCompile Include="..\..\code\input\Keyboard.cpp">
      <Filter>Framework</Filter>
    </ClCompile>
    <ClCompile Include="..\..\code\input\Mouse.cpp">
      <Filter>Framework</Filter>
    </ClCompile>
    <ClCompile Include="..\..\code\input\Unified.cpp">
      <Filter>Framework</Filter>
    </ClCompile>
    <ClCompile Include="..\..\code\net\Common.cpp">
      <Filter>Framework</Filter>
    </ClCompile>
    <ClCompile Include="..\..\code\net\TCP.cpp">
      <Filter>Framework</Filter>
    </ClCompile>
    <ClCompile Include="..\..\code\net\UDP.cpp">
      <Filter>Framework</Filter>
    </ClCompile>
    <ClCompile Include="..\..\code\net\UPNP.cpp">
      <Filter>Framework</Filter>
    </ClCompile>
    <ClCompile Include="main.cpp">
      <Filter>Source Files</Filter>
    </ClCompile>
    <ClCompile Include="winmain.cpp">
      <Filter>Source Files</Filter>
    </ClCompile>
    <ClCompile Include="..\..\code\base\win32\Debug.cpp">
      <Filter>Framework</Filter>
    </ClCompile>
    <ClCompile Include="..\..\code\base\win32\FileWin32.cpp">
      <Filter>Framework</Filter>
    </ClCompile>
    <ClCompile Include="..\..\code\base\win32\InfoWin32.cpp">
      <Filter>Framework</Filter>
    </ClCompile>
    <ClCompile Include="..\..\code\base\win32\LocksWin32.cpp">
      <Filter>Framework</Filter>
    </ClCompile>
    <ClCompile Include="..\..\code\base\win32\ThreadWin32.cpp">
      <Filter>Framework</Filter>
    </ClCompile>
    <ClCompile Include="..\..\code\base\win32\Timer.cpp">
      <Filter>Framework</Filter>
    </ClCompile>
    <ClCompile Include="..\..\code\input\win32\GameDeviceWin.cpp">
      <Filter>Framework</Filter>
    </ClCompile>
    <ClCompile Include="..\..\code\input\win32\KeyboardWin32.cpp">
      <Filter>Framework</Filter>
    </ClCompile>
    <ClCompile Include="..\..\code\input\win32\MouseWin32.cpp">
      <Filter>Framework</Filter>
    </ClCompile>
    <ClCompile Include="..\..\code\input\win32\WrapDInput.cpp">
      <Filter>Framework</Filter>
    </ClCompile>
    <ClCompile Include="..\..\code\gfxsetup\win32\ExtensionsWin32.cpp">
      <Filter>Framework</Filter>
    </ClCompile>
    <ClCompile Include="..\..\code\gfxsetup\win32\GFXSetupWin32.cpp">
      <Filter>Framework</Filter>
    </ClCompile>
  </ItemGroup>
  <ItemGroup>
    <None Include="..\..\code\FreeImage3180Win32Win64\FreeImage\Dist\x64\FreeImage.dll" />
  </ItemGroup>
</Project>